
Microsoft Visual Studio Solution File, Format Version 12.00
# Visual Studio Version 16
VisualStudioVersion = 16.0.31019.35
MinimumVisualStudioVersion = 10.0.40219.1
Project("{FAE04EC0-301F-11D3-BF4B-00C04F79EFBC}") = "DZ_Module_5_LINQ_to_SQL", "DZ_Module_5_LINQ_to_SQL\DZ_Module_5_LINQ_to_SQL.csproj", "{15FEC802-7F6D-4012-A541-57BEFD2D939A}"
EndProject
Global
	GlobalSection(SolutionConfigurationPlatforms) = preSolution
		Debug|Any CPU = Debug|Any CPU
		Release|Any CPU = Release|Any CPU
	EndGlobalSection
	GlobalSection(ProjectConfigurationPlatforms) = postSolution
		{15FEC802-7F6D-4012-A541-57BEFD2D939A}.Debug|Any CPU.ActiveCfg = Debug|Any CPU
		{15FEC802-7F6D-4012-A541-57BEFD2D939A}.Debug|Any CPU.Build.0 = Debug|Any CPU
		{15FEC802-7F6D-4012-A541-57BEFD2D939A}.Release|Any CPU.ActiveCfg = Release|Any CPU
		{15FEC802-7F6D-4012-A541-57BEFD2D939A}.Release|Any CPU.Build.0 = Release|Any CPU
	EndGlobalSection
	GlobalSection(SolutionProperties) = preSolution
		HideSolutionNode = FALSE
	EndGlobalSection
	GlobalSection(ExtensibilityGlobals) = postSolution
		SolutionGuid = {8AE60BA3-5D33-4A9B-9586-A2C5D2C284E1}
	EndGlobalSection
EndGlobal
